
Microsoft Visual Studio Solution File, Format Version 12.00
# Visual Studio Version 17
VisualStudioVersion = 17.6.33829.357
MinimumVisualStudioVersion = 10.0.40219.1
Project("{FAE04EC0-301F-11D3-BF4B-00C04F79EFBC}") = "ConsoleApp3", "ConsoleApp3\ConsoleApp3.csproj", "{5551F5BA-2BD9-4F42-88CE-8721608059F0}"
EndProject
Global
	GlobalSection(SolutionConfigurationPlatforms) = preSolution
		Debug|Any CPU = Debug|Any CPU
		Release|Any CPU = Release|Any CPU
	EndGlobalSection
	GlobalSection(ProjectConfigurationPlatforms) = postSolution
		{5551F5BA-2BD9-4F42-88CE-8721608059F0}.Debug|Any CPU.ActiveCfg = Debug|Any CPU
		{5551F5BA-2BD9-4F42-88CE-8721608059F0}.Debug|Any CPU.Build.0 = Debug|Any CPU
		{5551F5BA-2BD9-4F42-88CE-8721608059F0}.Release|Any CPU.ActiveCfg = Release|Any CPU
		{5551F5BA-2BD9-4F42-88CE-8721608059F0}.Release|Any CPU.Build.0 = Release|Any CPU
	EndGlobalSection
	GlobalSection(SolutionProperties) = preSolution
		HideSolutionNode = FALSE
	EndGlobalSection
	GlobalSection(ExtensibilityGlobals) = postSolution
		SolutionGuid = {2ED2B120-D2CB-4492-AFFF-79A80BE334ED}
	EndGlobalSection
EndGlobal
